
Microsoft Visual Studio Solution File, Format Version 12.00
# Visual Studio Version 17
VisualStudioVersion = 17.8.34330.188
MinimumVisualStudioVersion = 10.0.40219.1
Project("{FAE04EC0-301F-11D3-BF4B-00C04F79EFBC}") = "UsersCompanies.Web", "UsersCompanies.Web\UsersCompanies.Web.csproj", "{ABA95B41-5559-4931-9F0F-444D3CF1ED37}"
EndProject
Project("{FAE04EC0-301F-11D3-BF4B-00C04F79EFBC}") = "UsersCompanies.DAL", "UsersCompanies.DAL\UsersCompanies.DAL.csproj", "{0ACC26CB-C60D-4BAF-ADA9-F764DCFB51E2}"
EndProject
Global
	GlobalSection(SolutionConfigurationPlatforms) = preSolution
		Debug|Any CPU = Debug|Any CPU
		Release|Any CPU = Release|Any CPU
	EndGlobalSection
	GlobalSection(ProjectConfigurationPlatforms) = postSolution
		{ABA95B41-5559-4931-9F0F-444D3CF1ED37}.Debug|Any CPU.ActiveCfg = Debug|Any CPU
		{ABA95B41-5559-4931-9F0F-444D3CF1ED37}.Debug|Any CPU.Build.0 = Debug|Any CPU
		{ABA95B41-5559-4931-9F0F-444D3CF1ED37}.Release|Any CPU.ActiveCfg = Release|Any CPU
		{ABA95B41-5559-4931-9F0F-444D3CF1ED37}.Release|Any CPU.Build.0 = Release|Any CPU
		{0ACC26CB-C60D-4BAF-ADA9-F764DCFB51E2}.Debug|Any CPU.ActiveCfg = Debug|Any CPU
		{0ACC26CB-C60D-4BAF-ADA9-F764DCFB51E2}.Debug|Any CPU.Build.0 = Debug|Any CPU
		{0ACC26CB-C60D-4BAF-ADA9-F764DCFB51E2}.Release|Any CPU.ActiveCfg = Release|Any CPU
		{0ACC26CB-C60D-4BAF-ADA9-F764DCFB51E2}.Release|Any CPU.Build.0 = Release|Any CPU
	EndGlobalSection
	GlobalSection(SolutionProperties) = preSolution
		HideSolutionNode = FALSE
	EndGlobalSection
	GlobalSection(ExtensibilityGlobals) = postSolution
		SolutionGuid = {AF40D179-3358-45EC-BB75-6668C83C4BF2}
	EndGlobalSection
EndGlobal
